
Microsoft Visual Studio Solution File, Format Version 12.00
# Visual Studio 15
VisualStudioVersion = 15.0.27130.2010
MinimumVisualStudioVersion = 10.0.40219.1
Project("{FAE04EC0-301F-11D3-BF4B-00C04F79EFBC}") = "TaskManagementSystem", "TaskManagementSystem\TaskManagementSystem.csproj", "{CC367EE1-627B-4CE1-BEEB-DF5868C7C75E}"
EndProject
Global
	GlobalSection(SolutionConfigurationPlatforms) = preSolution
		Debug|Any CPU = Debug|Any CPU
		Release|Any CPU = Release|Any CPU
	EndGlobalSection
	GlobalSection(ProjectConfigurationPlatforms) = postSolution
		{CC367EE1-627B-4CE1-BEEB-DF5868C7C75E}.Debug|Any CPU.ActiveCfg = Debug|Any CPU
		{CC367EE1-627B-4CE1-BEEB-DF5868C7C75E}.Debug|Any CPU.Build.0 = Debug|Any CPU
		{CC367EE1-627B-4CE1-BEEB-DF5868C7C75E}.Release|Any CPU.ActiveCfg = Release|Any CPU
		{CC367EE1-627B-4CE1-BEEB-DF5868C7C75E}.Release|Any CPU.Build.0 = Release|Any CPU
	EndGlobalSection
	GlobalSection(SolutionProperties) = preSolution
		HideSolutionNode = FALSE
	EndGlobalSection
	GlobalSection(ExtensibilityGlobals) = postSolution
		SolutionGuid = {49FAC3EA-C97D-44FE-BF22-12A3766684A8}
	EndGlobalSection
EndGlobal
